
Microsoft Visual Studio Solution File, Format Version 12.00
# Visual Studio Version 17
VisualStudioVersion = 17.2.32616.157
MinimumVisualStudioVersion = 10.0.40219.1
Project("{9A19103F-16F7-4668-BE54-9A1E7A4F7556}") = "CreditCar.API", "CreditCar.API\CreditCar.API.csproj", "{FEC48152-3E1E-4FAC-ABFC-C2ACB829AA8A}"
EndProject
Project("{9A19103F-16F7-4668-BE54-9A1E7A4F7556}") = "CreditCar.Domain", "CreditCar.Domain\CreditCar.Domain.csproj", "{C816D2B2-B848-4EA4-91FB-58ACE80F2845}"
EndProject
Project("{9A19103F-16F7-4668-BE54-9A1E7A4F7556}") = "CreditCar.Entity", "CreditCar.Entity\CreditCar.Entity.csproj", "{ABA82EF9-B56E-4489-B9CF-AA634D95C04D}"
EndProject
Project("{9A19103F-16F7-4668-BE54-9A1E7A4F7556}") = "CreditCar.Infrastructure", "CreditCar.Infrastructure\CreditCar.Infrastructure.csproj", "{E89FFD0A-6F53-402A-9E0B-30EEF2CAB2EA}"
EndProject
Project("{9A19103F-16F7-4668-BE54-9A1E7A4F7556}") = "CreditCar.Repository", "CreditCar.Repository\CreditCar.Repository.csproj", "{F2D1103F-4532-4A03-A884-F9777F853FDA}"
EndProject
Project("{9A19103F-16F7-4668-BE54-9A1E7A4F7556}") = "CreditCar.Test", "CreditCar.Test\CreditCar.Test.csproj", "{FC6D76F2-D730-4D17-9787-8926D5572B96}"
EndProject
Global
	GlobalSection(SolutionConfigurationPlatforms) = preSolution
		Debug|Any CPU = Debug|Any CPU
		Release|Any CPU = Release|Any CPU
	EndGlobalSection
	GlobalSection(ProjectConfigurationPlatforms) = postSolution
		{FEC48152-3E1E-4FAC-ABFC-C2ACB829AA8A}.Debug|Any CPU.ActiveCfg = Debug|Any CPU
		{FEC48152-3E1E-4FAC-ABFC-C2ACB829AA8A}.Debug|Any CPU.Build.0 = Debug|Any CPU
		{FEC48152-3E1E-4FAC-ABFC-C2ACB829AA8A}.Release|Any CPU.ActiveCfg = Release|Any CPU
		{FEC48152-3E1E-4FAC-ABFC-C2ACB829AA8A}.Release|Any CPU.Build.0 = Release|Any CPU
		{C816D2B2-B848-4EA4-91FB-58ACE80F2845}.Debug|Any CPU.ActiveCfg = Debug|Any CPU
		{C816D2B2-B848-4EA4-91FB-58ACE80F2845}.Debug|Any CPU.Build.0 = Debug|Any CPU
		{C816D2B2-B848-4EA4-91FB-58ACE80F2845}.Release|Any CPU.ActiveCfg = Release|Any CPU
		{C816D2B2-B848-4EA4-91FB-58ACE80F2845}.Release|Any CPU.Build.0 = Release|Any CPU
		{ABA82EF9-B56E-4489-B9CF-AA634D95C04D}.Debug|Any CPU.ActiveCfg = Debug|Any CPU
		{ABA82EF9-B56E-4489-B9CF-AA634D95C04D}.Debug|Any CPU.Build.0 = Debug|Any CPU
		{ABA82EF9-B56E-4489-B9CF-AA634D95C04D}.Release|Any CPU.ActiveCfg = Release|Any CPU
		{ABA82EF9-B56E-4489-B9CF-AA634D95C04D}.Release|Any CPU.Build.0 = Release|Any CPU
		{E89FFD0A-6F53-402A-9E0B-30EEF2CAB2EA}.Debug|Any CPU.ActiveCfg = Debug|Any CPU
		{E89FFD0A-6F53-402A-9E0B-30EEF2CAB2EA}.Debug|Any CPU.Build.0 = Debug|Any CPU
		{E89FFD0A-6F53-402A-9E0B-30EEF2CAB2EA}.Release|Any CPU.ActiveCfg = Release|Any CPU
		{E89FFD0A-6F53-402A-9E0B-30EEF2CAB2EA}.Release|Any CPU.Build.0 = Release|Any CPU
		{F2D1103F-4532-4A03-A884-F9777F853FDA}.Debug|Any CPU.ActiveCfg = Debug|Any CPU
		{F2D1103F-4532-4A03-A884-F9777F853FDA}.Debug|Any CPU.Build.0 = Debug|Any CPU
		{F2D1103F-4532-4A03-A884-F9777F853FDA}.Release|Any CPU.ActiveCfg = Release|Any CPU
		{F2D1103F-4532-4A03-A884-F9777F853FDA}.Release|Any CPU.Build.0 = Release|Any CPU
		{FC6D76F2-D730-4D17-9787-8926D5572B96}.Debug|Any CPU.ActiveCfg = Debug|Any CPU
		{FC6D76F2-D730-4D17-9787-8926D5572B96}.Debug|Any CPU.Build.0 = Debug|Any CPU
		{FC6D76F2-D730-4D17-9787-8926D5572B96}.Release|Any CPU.ActiveCfg = Release|Any CPU
		{FC6D76F2-D730-4D17-9787-8926D5572B96}.Release|Any CPU.Build.0 = Release|Any CPU
	EndGlobalSection
	GlobalSection(SolutionProperties) = preSolution
		HideSolutionNode = FALSE
	EndGlobalSection
	GlobalSection(ExtensibilityGlobals) = postSolution
		SolutionGuid = {A4FF7BBD-6964-44B9-8887-C1F5C29C7992}
	EndGlobalSection
EndGlobal
